// !$*UTF8*$!
{
	archiveVersion = 1;
	classes = {
	};
	objectVersion = 50;
	objects = {

/* Begin PBXBuildFile section */
		7AB1B1712488E815002F4D58 /* AppDelegate.swift in Sources */ = {isa = PBXBuildFile; fileRef = 7AB1B1702488E815002F4D58 /* AppDelegate.swift */; };
		7AB1B1732488E815002F4D58 /* SceneDelegate.swift in Sources */ = {isa = PBXBuildFile; fileRef = 7AB1B1722488E815002F4D58 /* SceneDelegate.swift */; };
		7AB1B1752488E815002F4D58 /* HomeController.swift in Sources */ = {isa = PBXBuildFile; fileRef = 7AB1B1742488E815002F4D58 /* HomeController.swift */; };
		7AB1B1782488E816002F4D58 /* Main.storyboard in Resources */ = {isa = PBXBuildFile; fileRef = 7AB1B1762488E816002F4D58 /* Main.storyboard */; };
		7AB1B17B2488E816002F4D58 /* helloWorld.xcdatamodeld in Sources */ = {isa = PBXBuildFile; fileRef = 7AB1B1792488E816002F4D58 /* helloWorld.xcdatamodeld */; };
		7AB1B17D2488E81F002F4D58 /* Assets.xcassets in Resources */ = {isa = PBXBuildFile; fileRef = 7AB1B17C2488E81F002F4D58 /* Assets.xcassets */; };
		7AB1B1802488E81F002F4D58 /* LaunchScreen.storyboard in Resources */ = {isa = PBXBuildFile; fileRef = 7AB1B17E2488E81F002F4D58 /* LaunchScreen.storyboard */; };
		7AB1B18B2488E81F002F4D58 /* helloWorldTests.swift in Sources */ = {isa = PBXBuildFile; fileRef = 7AB1B18A2488E81F002F4D58 /* helloWorldTests.swift */; };
		7AB1B1962488E81F002F4D58 /* helloWorldUITests.swift in Sources */ = {isa = PBXBuildFile; fileRef = 7AB1B1952488E81F002F4D58 /* helloWorldUITests.swift */; };
		7ABA164E249F759F00C0E773 /* DownloadController.swift in Sources */ = {isa = PBXBuildFile; fileRef = 7ABA164D249F759F00C0E773 /* DownloadController.swift */; };
/* End PBXBuildFile section */

/* Begin PBXContainerItemProxy section */
		7AB1B1872488E81F002F4D58 /* PBXContainerItemProxy */ = {
			isa = PBXContainerItemProxy;
			containerPortal = 7AB1B1652488E815002F4D58 /* Project object */;
			proxyType = 1;
			remoteGlobalIDString = 7AB1B16C2488E815002F4D58;
			remoteInfo = helloWorld;
		};
		7AB1B1922488E81F002F4D58 /* PBXContainerItemProxy */ = {
			isa = PBXContainerItemProxy;
			containerPortal = 7AB1B1652488E815002F4D58 /* Project object */;
			proxyType = 1;
			remoteGlobalIDString = 7AB1B16C2488E815002F4D58;
			remoteInfo = helloWorld;
		};
/* End PBXContainerItemProxy section */

/* Begin PBXFileReference section */
		7AB1B16D2488E815002F4D58 /* helloWorld.app */ = {isa = PBXFileReference; explicitFileType = wrapper.application; includeInIndex = 0; path = helloWorld.app; sourceTree = BUILT_PRODUCTS_DIR; };
		7AB1B1702488E815002F4D58 /* AppDelegate.swift */ = {isa = PBXFileReference; lastKnownFileType = sourcecode.swift; path = AppDelegate.swift; sourceTree = "<group>"; };
		7AB1B1722488E815002F4D58 /* SceneDelegate.swift */ = {isa = PBXFileReference; lastKnownFileType = sourcecode.swift; path = SceneDelegate.swift; sourceTree = "<group>"; };
		7AB1B1742488E815002F4D58 /* HomeController.swift */ = {isa = PBXFileReference; lastKnownFileType = sourcecode.swift; path = HomeController.swift; sourceTree = "<group>"; };
		7AB1B1772488E816002F4D58 /* Base */ = {isa = PBXFileReference; lastKnownFileType = file.storyboard; name = Base; path = Base.lproj/Main.storyboard; sourceTree = "<group>"; };
		7AB1B17A2488E816002F4D58 /* helloWorld.xcdatamodel */ = {isa = PBXFileReference; lastKnownFileType = wrapper.xcdatamodel; path = helloWorld.xcdatamodel; sourceTree = "<group>"; };
		7AB1B17C2488E81F002F4D58 /* Assets.xcassets */ = {isa = PBXFileReference; lastKnownFileType = folder.assetcatalog; path = Assets.xcassets; sourceTree = "<group>"; };
		7AB1B17F2488E81F002F4D58 /* Base */ = {isa = PBXFileReference; lastKnownFileType = file.storyboard; name = Base; path = Base.lproj/LaunchScreen.storyboard; sourceTree = "<group>"; };
		7AB1B1812488E81F002F4D58 /* Info.plist */ = {isa = PBXFileReference; lastKnownFileType = text.plist.xml; path = Info.plist; sourceTree = "<group>"; };
		7AB1B1862488E81F002F4D58 /* helloWorldTests.xctest */ = {isa = PBXFileReference; explicitFileType = wrapper.cfbundle; includeInIndex = 0; path = helloWorldTests.xctest; sourceTree = BUILT_PRODUCTS_DIR; };
		7AB1B18A2488E81F002F4D58 /* helloWorldTests.swift */ = {isa = PBXFileReference; lastKnownFileType = sourcecode.swift; path = helloWorldTests.swift; sourceTree = "<group>"; };
		7AB1B18C2488E81F002F4D58 /* Info.plist */ = {isa = PBXFileReference; lastKnownFileType = text.plist.xml; path = Info.plist; sourceTree = "<group>"; };
		7AB1B1912488E81F002F4D58 /* helloWorldUITests.xctest */ = {isa = PBXFileReference; explicitFileType = wrapper.cfbundle; includeInIndex = 0; path = helloWorldUITests.xctest; sourceTree = BUILT_PRODUCTS_DIR; };
		7AB1B1952488E81F002F4D58 /* helloWorldUITests.swift */ = {isa = PBXFileReference; lastKnownFileType = sourcecode.swift; path = helloWorldUITests.swift; sourceTree = "<group>"; };
		7AB1B1972488E81F002F4D58 /* Info.plist */ = {isa = PBXFileReference; lastKnownFileType = text.plist.xml; path = Info.plist; sourceTree = "<group>"; };
		7ABA164D249F759F00C0E773 /* DownloadController.swift */ = {isa = PBXFileReference; lastKnownFileType = sourcecode.swift; path = DownloadController.swift; sourceTree = "<group>"; };
/* End PBXFileReference section */

/* Begin PBXFrameworksBuildPhase section */
		7AB1B16A2488E815002F4D58 /* Frameworks */ = {
			isa = PBXFrameworksBuildPhase;
			buildActionMask = 2147483647;
			files = (
			);
			runOnlyForDeploymentPostprocessing = 0;
		};
		7AB1B1832488E81F002F4D58 /* Frameworks */ = {
			isa = PBXFrameworksBuildPhase;
			buildActionMask = 2147483647;
			files = (
			);
			runOnlyForDeploymentPostprocessing = 0;
		};
		7AB1B18E2488E81F002F4D58 /* Frameworks */ = {
			isa = PBXFrameworksBuildPhase;
			buildActionMask = 2147483647;
			files = (
			);
			runOnlyForDeploymentPostprocessing = 0;
		};
/* End PBXFrameworksBuildPhase section */

/* Begin PBXGroup section */
		7AB1B1642488E815002F4D58 = {
			isa = PBXGroup;
			children = (
				7AB1B16F2488E815002F4D58 /* helloWorld */,
				7AB1B1892488E81F002F4D58 /* helloWorldTests */,
				7AB1B1942488E81F002F4D58 /* helloWorldUITests */,
				7AB1B16E2488E815002F4D58 /* Products */,
			);
			sourceTree = "<group>";
		};
		7AB1B16E2488E815002F4D58 /* Products */ = {
			isa = PBXGroup;
			children = (
				7AB1B16D2488E815002F4D58 /* helloWorld.app */,
				7AB1B1862488E81F002F4D58 /* helloWorldTests.xctest */,
				7AB1B1912488E81F002F4D58 /* helloWorldUITests.xctest */,
			);
			name = Products;
			sourceTree = "<group>";
		};
		7AB1B16F2488E815002F4D58 /* helloWorld */ = {
			isa = PBXGroup;
			children = (
				7ABA15BA249F331F00C0E773 /* Utils */,
				7ABA15B9249F331C00C0E773 /* Model */,
				7ABA15B8249F331900C0E773 /* View */,
				7ABA15B7249F331400C0E773 /* Controller */,
				7AB1B1702488E815002F4D58 /* AppDelegate.swift */,
				7AB1B1722488E815002F4D58 /* SceneDelegate.swift */,
				7AB1B1762488E816002F4D58 /* Main.storyboard */,
				7AB1B17C2488E81F002F4D58 /* Assets.xcassets */,
				7AB1B17E2488E81F002F4D58 /* LaunchScreen.storyboard */,
				7AB1B1812488E81F002F4D58 /* Info.plist */,
				7AB1B1792488E816002F4D58 /* helloWorld.xcdatamodeld */,
			);
			path = helloWorld;
			sourceTree = "<group>";
		};
		7AB1B1892488E81F002F4D58 /* helloWorldTests */ = {
			isa = PBXGroup;
			children = (
				7AB1B18A2488E81F002F4D58 /* helloWorldTests.swift */,
				7AB1B18C2488E81F002F4D58 /* Info.plist */,
			);
			path = helloWorldTests;
			sourceTree = "<group>";
		};
		7AB1B1942488E81F002F4D58 /* helloWorldUITests */ = {
			isa = PBXGroup;
			children = (
				7AB1B1952488E81F002F4D58 /* helloWorldUITests.swift */,
				7AB1B1972488E81F002F4D58 /* Info.plist */,
			);
			path = helloWorldUITests;
			sourceTree = "<group>";
		};
		7ABA15B7249F331400C0E773 /* Controller */ = {
			isa = PBXGroup;
			children = (
				7AB1B1742488E815002F4D58 /* HomeController.swift */,
				7ABA164D249F759F00C0E773 /* DownloadController.swift */,
			);
			path = Controller;
			sourceTree = "<group>";
		};
		7ABA15B8249F331900C0E773 /* View */ = {
			isa = PBXGroup;
			children = (
			);
			path = View;
			sourceTree = "<group>";
		};
		7ABA15B9249F331C00C0E773 /* Model */ = {
			isa = PBXGroup;
			children = (
			);
			path = Model;
			sourceTree = "<group>";
		};
		7ABA15BA249F331F00C0E773 /* Utils */ = {
			isa = PBXGroup;
			children = (
			);
			path = Utils;
			sourceTree = "<group>";
		};
/* End PBXGroup section */

/* Begin PBXNativeTarget section */
		7AB1B16C2488E815002F4D58 /* helloWorld */ = {
			isa = PBXNativeTarget;
			buildConfigurationList = 7AB1B19A2488E81F002F4D58 /* Build configuration list for PBXNativeTarget "helloWorld" */;
			buildPhases = (
				7AB1B1692488E815002F4D58 /* Sources */,
				7AB1B16A2488E815002F4D58 /* Frameworks */,
				7AB1B16B2488E815002F4D58 /* Resources */,
			);
			buildRules = (
			);
			dependencies = (
			);
			name = helloWorld;
			productName = helloWorld;
			productReference = 7AB1B16D2488E815002F4D58 /* helloWorld.app */;
			productType = "com.apple.product-type.application";
		};
		7AB1B1852488E81F002F4D58 /* helloWorldTests */ = {
			isa = PBXNativeTarget;
			buildConfigurationList = 7AB1B19D2488E81F002F4D58 /* Build configuration list for PBXNativeTarget "helloWorldTests" */;
			buildPhases = (
				7AB1B1822488E81F002F4D58 /* Sources */,
				7AB1B1832488E81F002F4D58 /* Frameworks */,
				7AB1B1842488E81F002F4D58 /* Resources */,
			);
			buildRules = (
			);
			dependencies = (
				7AB1B1882488E81F002F4D58 /* PBXTargetDependency */,
			);
			name = helloWorldTests;
			productName = helloWorldTests;
			productReference = 7AB1B1862488E81F002F4D58 /* helloWorldTests.xctest */;
			productType = "com.apple.product-type.bundle.unit-test";
		};
		7AB1B1902488E81F002F4D58 /* helloWorldUITests */ = {
			isa = PBXNativeTarget;
			buildConfigurationList = 7AB1B1A02488E81F002F4D58 /* Build configuration list for PBXNativeTarget "helloWorldUITests" */;
			buildPhases = (
				7AB1B18D2488E81F002F4D58 /* Sources */,
				7AB1B18E2488E81F002F4D58 /* Frameworks */,
				7AB1B18F2488E81F002F4D58 /* Resources */,
			);
			buildRules = (
			);
			dependencies = (
				7AB1B1932488E81F002F4D58 /* PBXTargetDependency */,
			);
			name = helloWorldUITests;
			productName = helloWorldUITests;
			productReference = 7AB1B1912488E81F002F4D58 /* helloWorldUITests.xctest */;
			productType = "com.apple.product-type.bundle.ui-testing";
		};
/* End PBXNativeTarget section */

/* Begin PBXProject section */
		7AB1B1652488E815002F4D58 /* Project object */ = {
			isa = PBXProject;
			attributes = {
				LastSwiftUpdateCheck = 1120;
				LastUpgradeCheck = 1120;
				ORGANIZATIONNAME = lidengke;
				TargetAttributes = {
					7AB1B16C2488E815002F4D58 = {
						CreatedOnToolsVersion = 11.2.1;
					};
					7AB1B1852488E81F002F4D58 = {
						CreatedOnToolsVersion = 11.2.1;
						TestTargetID = 7AB1B16C2488E815002F4D58;
					};
					7AB1B1902488E81F002F4D58 = {
						CreatedOnToolsVersion = 11.2.1;
						TestTargetID = 7AB1B16C2488E815002F4D58;
					};
				};
			};
			buildConfigurationList = 7AB1B1682488E815002F4D58 /* Build configuration list for PBXProject "helloWorld" */;
			compatibilityVersion = "Xcode 9.3";
			developmentRegion = en;
			hasScannedForEncodings = 0;
			knownRegions = (
				en,
				Base,
			);
			mainGroup = 7AB1B1642488E815002F4D58;
			productRefGroup = 7AB1B16E2488E815002F4D58 /* Products */;
			projectDirPath = "";
			projectRoot = "";
			targets = (
				7AB1B16C2488E815002F4D58 /* helloWorld */,
				7AB1B1852488E81F002F4D58 /* helloWorldTests */,
				7AB1B1902488E81F002F4D58 /* helloWorldUITests */,
			);
		};
/* End PBXProject section */

/* Begin PBXResourcesBuildPhase section */
		7AB1B16B2488E815002F4D58 /* Resources */ = {
			isa = PBXResourcesBuildPhase;
			buildActionMask = 2147483647;
			files = (
				7AB1B1802488E81F002F4D58 /* LaunchScreen.storyboard in Resources */,
				7AB1B17D2488E81F002F4D58 /* Assets.xcassets in Resources */,
				7AB1B1782488E816002F4D58 /* Main.storyboard in Resources */,
			);
			runOnlyForDeploymentPostprocessing = 0;
		};
		7AB1B1842488E81F002F4D58 /* Resources */ = {
			isa = PBXResourcesBuildPhase;
			buildActionMask = 2147483647;
			files = (
			);
			runOnlyForDeploymentPostprocessing = 0;
		};
		7AB1B18F2488E81F002F4D58 /* Resources */ = {
			isa = PBXResourcesBuildPhase;
			buildActionMask = 2147483647;
			files = (
			);
			runOnlyForDeploymentPostprocessing = 0;
		};
/* End PBXResourcesBuildPhase section */

/* Begin PBXSourcesBuildPhase section */
		7AB1B1692488E815002F4D58 /* Sources */ = {
			isa = PBXSourcesBuildPhase;
			buildActionMask = 2147483647;
			files = (
				7AB1B1752488E815002F4D58 /* HomeController.swift in Sources */,
				7AB1B1712488E815002F4D58 /* AppDelegate.swift in Sources */,
				7AB1B1732488E815002F4D58 /* SceneDelegate.swift in Sources */,
				7AB1B17B2488E816002F4D58 /* helloWorld.xcdatamodeld in Sources */,
				7ABA164E249F759F00C0E773 /* DownloadController.swift in Sources */,
			);
			runOnlyForDeploymentPostprocessing = 0;
		};
		7AB1B1822488E81F002F4D58 /* Sources */ = {
			isa = PBXSourcesBuildPhase;
			buildActionMask = 2147483647;
			files = (
				7AB1B18B2488E81F002F4D58 /* helloWorldTests.swift in Sources */,
			);
			runOnlyForDeploymentPostprocessing = 0;
		};
		7AB1B18D2488E81F002F4D58 /* Sources */ = {
			isa = PBXSourcesBuildPhase;
			buildActionMask = 2147483647;
			files = (
				7AB1B1962488E81F002F4D58 /* helloWorldUITests.swift in Sources */,
			);
			runOnlyForDeploymentPostprocessing = 0;
		};
/* End PBXSourcesBuildPhase section */

/* Begin PBXTargetDependency section */
		7AB1B1882488E81F002F4D58 /* PBXTargetDependency */ = {
			isa = PBXTargetDependency;
			target = 7AB1B16C2488E815002F4D58 /* helloWorld */;
			targetProxy = 7AB1B1872488E81F002F4D58 /* PBXContainerItemProxy */;
		};
		7AB1B1932488E81F002F4D58 /* PBXTargetDependency */ = {
			isa = PBXTargetDependency;
			target = 7AB1B16C2488E815002F4D58 /* helloWorld */;
			targetProxy = 7AB1B1922488E81F002F4D58 /* PBXContainerItemProxy */;
		};
/* End PBXTargetDependency section */

/* Begin PBXVariantGroup section */
		7AB1B1762488E816002F4D58 /* Main.storyboard */ = {
			isa = PBXVariantGroup;
			children = (
				7AB1B1772488E816002F4D58 /* Base */,
			);
			name = Main.storyboard;
			sourceTree = "<group>";
		};
		7AB1B17E2488E81F002F4D58 /* LaunchScreen.storyboard */ = {
			isa = PBXVariantGroup;
			children = (
				7AB1B17F2488E81F002F4D58 /* Base */,
			);
			name = LaunchScreen.storyboard;
			sourceTree = "<group>";
		};
/* End PBXVariantGroup section */

/* Begin XCBuildConfiguration section */
		7AB1B1982488E81F002F4D58 /* Debug */ = {
			isa = XCBuildConfiguration;
			buildSettings = {
				ALWAYS_SEARCH_USER_PATHS = NO;
				CLANG_ANALYZER_NONNULL = YES;
				CLANG_ANALYZER_NUMBER_OBJECT_CONVERSION = YES_AGGRESSIVE;
				CLANG_CXX_LANGUAGE_STANDARD = "gnu++14";
				CLANG_CXX_LIBRARY = "libc++";
				CLANG_ENABLE_MODULES = YES;
				CLANG_ENABLE_OBJC_ARC = YES;
				CLANG_ENABLE_OBJC_WEAK = YES;
				CLANG_WARN_BLOCK_CAPTURE_AUTORELEASING = YES;
				CLANG_WARN_BOOL_CONVERSION = YES;
				CLANG_WARN_COMMA = YES;
				CLANG_WARN_CONSTANT_CONVERSION = YES;
				CLANG_WARN_DEPRECATED_OBJC_IMPLEMENTATIONS = YES;
				CLANG_WARN_DIRECT_OBJC_ISA_USAGE = YES_ERROR;
				CLANG_WARN_DOCUMENTATION_COMMENTS = YES;
				CLANG_WARN_EMPTY_BODY = YES;
				CLANG_WARN_ENUM_CONVERSION = YES;
				CLANG_WARN_INFINITE_RECURSION = YES;
				CLANG_WARN_INT_CONVERSION = YES;
				CLANG_WARN_NON_LITERAL_NULL_CONVERSION = YES;
				CLANG_WARN_OBJC_IMPLICIT_RETAIN_SELF = YES;
				CLANG_WARN_OBJC_LITERAL_CONVERSION = YES;
				CLANG_WARN_OBJC_ROOT_CLASS = YES_ERROR;
				CLANG_WARN_RANGE_LOOP_ANALYSIS = YES;
				CLANG_WARN_STRICT_PROTOTYPES = YES;
				CLANG_WARN_SUSPICIOUS_MOVE = YES;
				CLANG_WARN_UNGUARDED_AVAILABILITY = YES_AGGRESSIVE;
				CLANG_WARN_UNREACHABLE_CODE = YES;
				CLANG_WARN__DUPLICATE_METHOD_MATCH = YES;
				COPY_PHASE_STRIP = NO;
				DEBUG_INFORMATION_FORMAT = dwarf;
				ENABLE_STRICT_OBJC_MSGSEND = YES;
				ENABLE_TESTABILITY = YES;
				GCC_C_LANGUAGE_STANDARD = gnu11;
				GCC_DYNAMIC_NO_PIC = NO;
				GCC_NO_COMMON_BLOCKS = YES;
				GCC_OPTIMIZATION_LEVEL = 0;
				GCC_PREPROCESSOR_DEFINITIONS = (
					"DEBUG=1",
					"$(inherited)",
				);
				GCC_WARN_64_TO_32_BIT_CONVERSION = YES;
				GCC_WARN_ABOUT_RETURN_TYPE = YES_ERROR;
				GCC_WARN_UNDECLARED_SELECTOR = YES;
				GCC_WARN_UNINITIALIZED_AUTOS = YES_AGGRESSIVE;
				GCC_WARN_UNUSED_FUNCTION = YES;
				GCC_WARN_UNUSED_VARIABLE = YES;
				IPHONEOS_DEPLOYMENT_TARGET = 12.4;
				MTL_ENABLE_DEBUG_INFO = INCLUDE_SOURCE;
				MTL_FAST_MATH = YES;
				ONLY_ACTIVE_ARCH = YES;
				SDKROOT = iphoneos;
				SWIFT_ACTIVE_COMPILATION_CONDITIONS = DEBUG;
				SWIFT_OPTIMIZATION_LEVEL = "-Onone";
			};
			name = Debug;
		};
		7AB1B1992488E81F002F4D58 /* Release */ = {
			isa = XCBuildConfiguration;
			buildSettings = {
				ALWAYS_SEARCH_USER_PATHS = NO;
				CLANG_ANALYZER_NONNULL = YES;
				CLANG_ANALYZER_NUMBER_OBJECT_CONVERSION = YES_AGGRESSIVE;
				CLANG_CXX_LANGUAGE_STANDARD = "gnu++14";
				CLANG_CXX_LIBRARY = "libc++";
				CLANG_ENABLE_MODULES = YES;
				CLANG_ENABLE_OBJC_ARC = YES;
				CLANG_ENABLE_OBJC_WEAK = YES;
				CLANG_WARN_BLOCK_CAPTURE_AUTORELEASING = YES;
				CLANG_WARN_BOOL_CONVERSION = YES;
				CLANG_WARN_COMMA = YES;
				CLANG_WARN_CONSTANT_CONVERSION = YES;
				CLANG_WARN_DEPRECATED_OBJC_IMPLEMENTATIONS = YES;
				CLANG_WARN_DIRECT_OBJC_ISA_USAGE = YES_ERROR;
				CLANG_WARN_DOCUMENTATION_COMMENTS = YES;
				CLANG_WARN_EMPTY_BODY = YES;
				CLANG_WARN_ENUM_CONVERSION = YES;
				CLANG_WARN_INFINITE_RECURSION = YES;
				CLANG_WARN_INT_CONVERSION = YES;
				CLANG_WARN_NON_LITERAL_NULL_CONVERSION = YES;
				CLANG_WARN_OBJC_IMPLICIT_RETAIN_SELF = YES;
				CLANG_WARN_OBJC_LITERAL_CONVERSION = YES;
				CLANG_WARN_OBJC_ROOT_CLASS = YES_ERROR;
				CLANG_WARN_RANGE_LOOP_ANALYSIS = YES;
				CLANG_WARN_STRICT_PROTOTYPES = YES;
				CLANG_WARN_SUSPICIOUS_MOVE = YES;
				CLANG_WARN_UNGUARDED_AVAILABILITY = YES_AGGRESSIVE;
				CLANG_WARN_UNREACHABLE_CODE = YES;
				CLANG_WARN__DUPLICATE_METHOD_MATCH = YES;
				COPY_PHASE_STRIP = NO;
				DEBUG_INFORMATION_FORMAT = "dwarf-with-dsym";
				ENABLE_NS_ASSERTIONS = NO;
				ENABLE_STRICT_OBJC_MSGSEND = YES;
				GCC_C_LANGUAGE_STANDARD = gnu11;
				GCC_NO_COMMON_BLOCKS = YES;
				GCC_WARN_64_TO_32_BIT_CONVERSION = YES;
				GCC_WARN_ABOUT_RETURN_TYPE = YES_ERROR;
				GCC_WARN_UNDECLARED_SELECTOR = YES;
				GCC_WARN_UNINITIALIZED_AUTOS = YES_AGGRESSIVE;
				GCC_WARN_UNUSED_FUNCTION = YES;
				GCC_WARN_UNUSED_VARIABLE = YES;
				IPHONEOS_DEPLOYMENT_TARGET = 12.4;
				MTL_ENABLE_DEBUG_INFO = NO;
				MTL_FAST_MATH = YES;
				SDKROOT = iphoneos;
				SWIFT_COMPILATION_MODE = wholemodule;
				SWIFT_OPTIMIZATION_LEVEL = "-O";
				VALIDATE_PRODUCT = YES;
			};
			name = Release;
		};
		7AB1B19B2488E81F002F4D58 /* Debug */ = {
			isa = XCBuildConfiguration;
			buildSettings = {
				ASSETCATALOG_COMPILER_APPICON_NAME = AppIcon;
				CODE_SIGN_STYLE = Automatic;
				DEVELOPMENT_TEAM = WN8LQX2828;
				INFOPLIST_FILE = helloWorld/Info.plist;
				IPHONEOS_DEPLOYMENT_TARGET = 12.4;
				LD_RUNPATH_SEARCH_PATHS = (
					"$(inherited)",
					"@executable_path/Frameworks",
				);
				PRODUCT_BUNDLE_IDENTIFIER = ldk.helloWorld;
				PRODUCT_NAME = "$(TARGET_NAME)";
				SWIFT_VERSION = 5.0;
				TARGETED_DEVICE_FAMILY = "1,2";
			};
			name = Debug;
		};
		7AB1B19C2488E81F002F4D58 /* Release */ = {
			isa = XCBuildConfiguration;
			buildSettings = {
				ASSETCATALOG_COMPILER_APPICON_NAME = AppIcon;
				CODE_SIGN_STYLE = Automatic;
				DEVELOPMENT_TEAM = WN8LQX2828;
				INFOPLIST_FILE = helloWorld/Info.plist;
				IPHONEOS_DEPLOYMENT_TARGET = 12.4;
				LD_RUNPATH_SEARCH_PATHS = (
					"$(inherited)",
					"@executable_path/Frameworks",
				);
				PRODUCT_BUNDLE_IDENTIFIER = ldk.helloWorld;
				PRODUCT_NAME = "$(TARGET_NAME)";
				SWIFT_VERSION = 5.0;
				TARGETED_DEVICE_FAMILY = "1,2";
			};
			name = Release;
		};
		7AB1B19E2488E81F002F4D58 /* Debug */ = {
			isa = XCBuildConfiguration;
			buildSettings = {
				ALWAYS_EMBED_SWIFT_STANDARD_LIBRARIES = YES;
				BUNDLE_LOADER = "$(TEST_HOST)";
				CODE_SIGN_STYLE = Automatic;
				INFOPLIST_FILE = helloWorldTests/Info.plist;
				IPHONEOS_DEPLOYMENT_TARGET = 13.2;
				LD_RUNPATH_SEARCH_PATHS = (
					"$(inherited)",
					"@executable_path/Frameworks",
					"@loader_path/Frameworks",
				);
				PRODUCT_BUNDLE_IDENTIFIER = ldk.helloWorldTests;
				PRODUCT_NAME = "$(TARGET_NAME)";
				SWIFT_VERSION = 5.0;
				TARGETED_DEVICE_FAMILY = "1,2";
				TEST_HOST = "$(BUILT_PRODUCTS_DIR)/helloWorld.app/helloWorld";
			};
			name = Debug;
		};
		7AB1B19F2488E81F002F4D58 /* Release */ = {
			isa = XCBuildConfiguration;
			buildSettings = {
				ALWAYS_EMBED_SWIFT_STANDARD_LIBRARIES = YES;
				BUNDLE_LOADER = "$(TEST_HOST)";
				CODE_SIGN_STYLE = Automatic;
				INFOPLIST_FILE = helloWorldTests/Info.plist;
				IPHONEOS_DEPLOYMENT_TARGET = 13.2;
				LD_RUNPATH_SEARCH_PATHS = (
					"$(inherited)",
					"@executable_path/Frameworks",
					"@loader_path/Frameworks",
				);
				PRODUCT_BUNDLE_IDENTIFIER = ldk.helloWorldTests;
				PRODUCT_NAME = "$(TARGET_NAME)";
				SWIFT_VERSION = 5.0;
				TARGETED_DEVICE_FAMILY = "1,2";
				TEST_HOST = "$(BUILT_PRODUCTS_DIR)/helloWorld.app/helloWorld";
			};
			name = Release;
		};
		7AB1B1A12488E81F002F4D58 /* Debug */ = {
			isa = XCBuildConfiguration;
			buildSettings = {
				ALWAYS_EMBED_SWIFT_STANDARD_LIBRARIES = YES;
				CODE_SIGN_STYLE = Automatic;
				INFOPLIST_FILE = helloWorldUITests/Info.plist;
				LD_RUNPATH_SEARCH_PATHS = (
					"$(inherited)",
					"@executable_path/Frameworks",
					"@loader_path/Frameworks",
				);
				PRODUCT_BUNDLE_IDENTIFIER = ldk.helloWorldUITests;
				PRODUCT_NAME = "$(TARGET_NAME)";
				SWIFT_VERSION = 5.0;
				TARGETED_DEVICE_FAMILY = "1,2";
				TEST_TARGET_NAME = helloWorld;
			};
			name = Debug;
		};
		7AB1B1A22488E81F002F4D58 /* Release */ = {
			isa = XCBuildConfiguration;
			buildSettings = {
				ALWAYS_EMBED_SWIFT_STANDARD_LIBRARIES = YES;
				CODE_SIGN_STYLE = Automatic;
				INFOPLIST_FILE = helloWorldUITests/Info.plist;
				LD_RUNPATH_SEARCH_PATHS = (
					"$(inherited)",
					"@executable_path/Frameworks",
					"@loader_path/Frameworks",
				);
				PRODUCT_BUNDLE_IDENTIFIER = ldk.helloWorldUITests;
				PRODUCT_NAME = "$(TARGET_NAME)";
				SWIFT_VERSION = 5.0;
				TARGETED_DEVICE_FAMILY = "1,2";
				TEST_TARGET_NAME = helloWorld;
			};
			name = Release;
		};
/* End XCBuildConfiguration section */

/* Begin XCConfigurationList section */
		7AB1B1682488E815002F4D58 /* Build configuration list for PBXProject "helloWorld" */ = {
			isa = XCConfigurationList;
			buildConfigurations = (
				7AB1B1982488E81F002F4D58 /* Debug */,
				7AB1B1992488E81F002F4D58 /* Release */,
			);
			defaultConfigurationIsVisible = 0;
			defaultConfigurationName = Release;
		};
		7AB1B19A2488E81F002F4D58 /* Build configuration list for PBXNativeTarget "helloWorld" */ = {
			isa = XCConfigurationList;
			buildConfigurations = (
				7AB1B19B2488E81F002F4D58 /* Debug */,
				7AB1B19C2488E81F002F4D58 /* Release */,
			);
			defaultConfigurationIsVisible = 0;
			defaultConfigurationName = Release;
		};
		7AB1B19D2488E81F002F4D58 /* Build configuration list for PBXNativeTarget "helloWorldTests" */ = {
			isa = XCConfigurationList;
			buildConfigurations = (
				7AB1B19E2488E81F002F4D58 /* Debug */,
				7AB1B19F2488E81F002F4D58 /* Release */,
			);
			defaultConfigurationIsVisible = 0;
			defaultConfigurationName = Release;
		};
		7AB1B1A02488E81F002F4D58 /* Build configuration list for PBXNativeTarget "helloWorldUITests" */ = {
			isa = XCConfigurationList;
			buildConfigurations = (
				7AB1B1A12488E81F002F4D58 /* Debug */,
				7AB1B1A22488E81F002F4D58 /* Release */,
			);
			defaultConfigurationIsVisible = 0;
			defaultConfigurationName = Release;
		};
/* End XCConfigurationList section */

/* Begin XCVersionGroup section */
		7AB1B1792488E816002F4D58 /* helloWorld.xcdatamodeld */ = {
			isa = XCVersionGroup;
			children = (
				7AB1B17A2488E816002F4D58 /* helloWorld.xcdatamodel */,
			);
			currentVersion = 7AB1B17A2488E816002F4D58 /* helloWorld.xcdatamodel */;
			path = helloWorld.xcdatamodeld;
			sourceTree = "<group>";
			versionGroupType = wrapper.xcdatamodel;
		};
/* End XCVersionGroup section */
	};
	rootObject = 7AB1B1652488E815002F4D58 /* Project object */;
}
